
Microsoft Visual Studio Solution File, Format Version 12.00
# Visual Studio Version 17
VisualStudioVersion = 17.3.32929.385
MinimumVisualStudioVersion = 10.0.40219.1
Project("{FAE04EC0-301F-11D3-BF4B-00C04F79EFBC}") = "04. Even Powers of 2", "04. Even Powers of 2.csproj", "{4F98A31B-3C69-4868-9D10-9D94FB8531DD}"
EndProject
Global
	GlobalSection(SolutionConfigurationPlatforms) = preSolution
		Debug|Any CPU = Debug|Any CPU
		Release|Any CPU = Release|Any CPU
	EndGlobalSection
	GlobalSection(ProjectConfigurationPlatforms) = postSolution
		{4F98A31B-3C69-4868-9D10-9D94FB8531DD}.Debug|Any CPU.ActiveCfg = Debug|Any CPU
		{4F98A31B-3C69-4868-9D10-9D94FB8531DD}.Debug|Any CPU.Build.0 = Debug|Any CPU
		{4F98A31B-3C69-4868-9D10-9D94FB8531DD}.Release|Any CPU.ActiveCfg = Release|Any CPU
		{4F98A31B-3C69-4868-9D10-9D94FB8531DD}.Release|Any CPU.Build.0 = Release|Any CPU
	EndGlobalSection
	GlobalSection(SolutionProperties) = preSolution
		HideSolutionNode = FALSE
	EndGlobalSection
	GlobalSection(ExtensibilityGlobals) = postSolution
		SolutionGuid = {612566F0-16BF-49C7-AF9A-1B7FBD9C07E3}
	EndGlobalSection
EndGlobal
